{
  "name": "Web",
  "lockfileVersion": 2,
  "requires": true,
  "packages": {
    "": {
      "dependencies": {
        "expressjs": "^1.0.1"
      }
    },
    "node_modules/expressjs": {
      "version": "1.0.1",
      "resolved": "https://registry.npmjs.org/expressjs/-/expressjs-1.0.1.tgz",
      "integrity": "sha1-IgMoRpoY31rWFeK3oM6ZXxf7ru8=",
      "deprecated": "This is a typosquat on the popular Express package. This is not maintained nor is the original Express package."
    }
  },
  "dependencies": {
    "expressjs": {
      "version": "1.0.1",
      "resolved": "https://registry.npmjs.org/expressjs/-/expressjs-1.0.1.tgz",
      "integrity": "sha1-IgMoRpoY31rWFeK3oM6ZXxf7ru8="
    }
  }
}
